<Solution>
  <Project Path="FiapCloudGames.API/FiapCloudGames.API.csproj" />
  <Project Path="FiapCloudGames.Application/FiapCloudGames.Application.csproj" />
  <Project Path="FiapCloudGames.Domain/FiapCloudGames.Domain.csproj" />
  <Project Path="FiapCloudGames.Infrastructure/FiapCloudGames.Infrastructure.csproj" />
</Solution>
